// !$*UTF8*$!
{
	archiveVersion = 1;
	classes = {
	};
	objectVersion = 56;
	objects = {

/* Begin PBXBuildFile section */
		2E3A135F2BC58E5C00BC38E4 /* Alamofire in Frameworks */ = {isa = PBXBuildFile; productRef = 2E3A135E2BC58E5C00BC38E4 /* Alamofire */; };
		2E3A13612BC58E5C00BC38E4 /* AlamofireDynamic in Frameworks */ = {isa = PBXBuildFile; productRef = 2E3A13602BC58E5C00BC38E4 /* AlamofireDynamic */; };
		2EDAF53F2BB94E6400CC8ADD /* AppDelegate.swift in Sources */ = {isa = PBXBuildFile; fileRef = 2EDAF53E2BB94E6400CC8ADD /* AppDelegate.swift */; };
		2EDAF5412BB94E6400CC8ADD /* SceneDelegate.swift in Sources */ = {isa = PBXBuildFile; fileRef = 2EDAF5402BB94E6400CC8ADD /* SceneDelegate.swift */; };
		2EDAF5432BB94E6400CC8ADD /* ViewController.swift in Sources */ = {isa = PBXBuildFile; fileRef = 2EDAF5422BB94E6400CC8ADD /* ViewController.swift */; };
		2EDAF5462BB94E6400CC8ADD /* Base in Resources */ = {isa = PBXBuildFile; fileRef = 2EDAF5452BB94E6400CC8ADD /* Base */; };
		2EDAF5482BB94E6600CC8ADD /* Assets.xcassets in Resources */ = {isa = PBXBuildFile; fileRef = 2EDAF5472BB94E6600CC8ADD /* Assets.xcassets */; };
		2EDAF54B2BB94E6600CC8ADD /* Base in Resources */ = {isa = PBXBuildFile; fileRef = 2EDAF54A2BB94E6600CC8ADD /* Base */; };
/* End PBXBuildFile section */

/* Begin PBXFileReference section */
		2EDAF53B2BB94E6400CC8ADD /* GighubProject.app */ = {isa = PBXFileReference; explicitFileType = wrapper.application; includeInIndex = 0; path = GighubProject.app; sourceTree = BUILT_PRODUCTS_DIR; };
		2EDAF53E2BB94E6400CC8ADD /* AppDelegate.swift */ = {isa = PBXFileReference; lastKnownFileType = sourcecode.swift; path = AppDelegate.swift; sourceTree = "<group>"; };
		2EDAF5402BB94E6400CC8ADD /* SceneDelegate.swift */ = {isa = PBXFileReference; lastKnownFileType = sourcecode.swift; path = SceneDelegate.swift; sourceTree = "<group>"; };
		2EDAF5422BB94E6400CC8ADD /* ViewController.swift */ = {isa = PBXFileReference; lastKnownFileType = sourcecode.swift; path = ViewController.swift; sourceTree = "<group>"; };
		2EDAF5452BB94E6400CC8ADD /* Base */ = {isa = PBXFileReference; lastKnownFileType = file.storyboard; name = Base; path = Base.lproj/Main.storyboard; sourceTree = "<group>"; };
		2EDAF5472BB94E6600CC8ADD /* Assets.xcassets */ = {isa = PBXFileReference; lastKnownFileType = folder.assetcatalog; path = Assets.xcassets; sourceTree = "<group>"; };
		2EDAF54A2BB94E6600CC8ADD /* Base */ = {isa = PBXFileReference; lastKnownFileType = file.storyboard; name = Base; path = Base.lproj/LaunchScreen.storyboard; sourceTree = "<group>"; };
		2EDAF54C2BB94E6600CC8ADD /* Info.plist */ = {isa = PBXFileReference; lastKnownFileType = text.plist.xml; path = Info.plist; sourceTree = "<group>"; };
/* End PBXFileReference section */

/* Begin PBXFrameworksBuildPhase section */
		2EDAF5382BB94E6400CC8ADD /* Frameworks */ = {
			isa = PBXFrameworksBuildPhase;
			buildActionMask = 2147483647;
			files = (
				2E3A135F2BC58E5C00BC38E4 /* Alamofire in Frameworks */,
				2E3A13612BC58E5C00BC38E4 /* AlamofireDynamic in Frameworks */,
			);
			runOnlyForDeploymentPostprocessing = 0;
		};
/* End PBXFrameworksBuildPhase section */

/* Begin PBXGroup section */
		2EDAF5322BB94E6400CC8ADD = {
			isa = PBXGroup;
			children = (
				2EDAF53D2BB94E6400CC8ADD /* GighubProject */,
				2EDAF53C2BB94E6400CC8ADD /* Products */,
			);
			sourceTree = "<group>";
		};
		2EDAF53C2BB94E6400CC8ADD /* Products */ = {
			isa = PBXGroup;
			children = (
				2EDAF53B2BB94E6400CC8ADD /* GighubProject.app */,
			);
			name = Products;
			sourceTree = "<group>";
		};
		2EDAF53D2BB94E6400CC8ADD /* GighubProject */ = {
			isa = PBXGroup;
			children = (
				2EDAF53E2BB94E6400CC8ADD /* AppDelegate.swift */,
				2EDAF5402BB94E6400CC8ADD /* SceneDelegate.swift */,
				2EDAF5422BB94E6400CC8ADD /* ViewController.swift */,
				2EDAF5472BB94E6600CC8ADD /* Assets.xcassets */,
				2EDAF5442BB94E6400CC8ADD /* Main.storyboard */,
				2EDAF5492BB94E6600CC8ADD /* LaunchScreen.storyboard */,
				2EDAF54C2BB94E6600CC8ADD /* Info.plist */,
			);
			path = GighubProject;
			sourceTree = "<group>";
		};
/* End PBXGroup section */

/* Begin PBXNativeTarget section */
		2EDAF53A2BB94E6400CC8ADD /* GighubProject */ = {
			isa = PBXNativeTarget;
			buildConfigurationList = 2EDAF54F2BB94E6600CC8ADD /* Build configuration list for PBXNativeTarget "GighubProject" */;
			buildPhases = (
				2EDAF5372BB94E6400CC8ADD /* Sources */,
				2EDAF5382BB94E6400CC8ADD /* Frameworks */,
				2EDAF5392BB94E6400CC8ADD /* Resources */,
			);
			buildRules = (
			);
			dependencies = (
			);
			name = GighubProject;
			packageProductDependencies = (
				2E3A135E2BC58E5C00BC38E4 /* Alamofire */,
				2E3A13602BC58E5C00BC38E4 /* AlamofireDynamic */,
			);
			productName = GighubProject;
			productReference = 2EDAF53B2BB94E6400CC8ADD /* GighubProject.app */;
			productType = "com.apple.product-type.application";
		};
/* End PBXNativeTarget section */

/* Begin PBXProject section */
		2EDAF5332BB94E6400CC8ADD /* Project object */ = {
			isa = PBXProject;
			attributes = {
				BuildIndependentTargetsInParallel = 1;
				LastSwiftUpdateCheck = 1530;
				LastUpgradeCheck = 1530;
				TargetAttributes = {
					2EDAF53A2BB94E6400CC8ADD = {
						CreatedOnToolsVersion = 15.3;
					};
				};
			};
			buildConfigurationList = 2EDAF5362BB94E6400CC8ADD /* Build configuration list for PBXProject "GighubProject" */;
			compatibilityVersion = "Xcode 14.0";
			developmentRegion = en;
			hasScannedForEncodings = 0;
			knownRegions = (
				en,
				Base,
			);
			mainGroup = 2EDAF5322BB94E6400CC8ADD;
			packageReferences = (
				2E3A135D2BC58E5C00BC38E4 /* XCRemoteSwiftPackageReference "Alamofire" */,
				2E3A13622BC58E7B00BC38E4 /* XCRemoteSwiftPackageReference "cli" */,
			);
			productRefGroup = 2EDAF53C2BB94E6400CC8ADD /* Products */;
			projectDirPath = "";
			projectRoot = "";
			targets = (
				2EDAF53A2BB94E6400CC8ADD /* GighubProject */,
			);
		};
/* End PBXProject section */

/* Begin PBXResourcesBuildPhase section */
		2EDAF5392BB94E6400CC8ADD /* Resources */ = {
			isa = PBXResourcesBuildPhase;
			buildActionMask = 2147483647;
			files = (
				2EDAF5482BB94E6600CC8ADD /* Assets.xcassets in Resources */,
				2EDAF54B2BB94E6600CC8ADD /* Base in Resources */,
				2EDAF5462BB94E6400CC8ADD /* Base in Resources */,
			);
			runOnlyForDeploymentPostprocessing = 0;
		};
/* End PBXResourcesBuildPhase section */

/* Begin PBXSourcesBuildPhase section */
		2EDAF5372BB94E6400CC8ADD /* Sources */ = {
			isa = PBXSourcesBuildPhase;
			buildActionMask = 2147483647;
			files = (
				2EDAF5432BB94E6400CC8ADD /* ViewController.swift in Sources */,
				2EDAF53F2BB94E6400CC8ADD /* AppDelegate.swift in Sources */,
				2EDAF5412BB94E6400CC8ADD /* SceneDelegate.swift in Sources */,
			);
			runOnlyForDeploymentPostprocessing = 0;
		};
/* End PBXSourcesBuildPhase section */

/* Begin PBXVariantGroup section */
		2EDAF5442BB94E6400CC8ADD /* Main.storyboard */ = {
			isa = PBXVariantGroup;
			children = (
				2EDAF5452BB94E6400CC8ADD /* Base */,
			);
			name = Main.storyboard;
			sourceTree = "<group>";
		};
		2EDAF5492BB94E6600CC8ADD /* LaunchScreen.storyboard */ = {
			isa = PBXVariantGroup;
			children = (
				2EDAF54A2BB94E6600CC8ADD /* Base */,
			);
			name = LaunchScreen.storyboard;
			sourceTree = "<group>";
		};
/* End PBXVariantGroup section */

/* Begin XCBuildConfiguration section */
		2EDAF54D2BB94E6600CC8ADD /* Debug */ = {
			isa = XCBuildConfiguration;
			buildSettings = {
				ALWAYS_SEARCH_USER_PATHS = NO;
				ASSETCATALOG_COMPILER_GENERATE_SWIFT_ASSET_SYMBOL_EXTENSIONS = YES;
				CLANG_ANALYZER_NONNULL = YES;
				CLANG_ANALYZER_NUMBER_OBJECT_CONVERSION = YES_AGGRESSIVE;
				CLANG_CXX_LANGUAGE_STANDARD = "gnu++20";
				CLANG_ENABLE_MODULES = YES;
				CLANG_ENABLE_OBJC_ARC = YES;
				CLANG_ENABLE_OBJC_WEAK = YES;
				CLANG_WARN_BLOCK_CAPTURE_AUTORELEASING = YES;
				CLANG_WARN_BOOL_CONVERSION = YES;
				CLANG_WARN_COMMA = YES;
				CLANG_WARN_CONSTANT_CONVERSION = YES;
				CLANG_WARN_DEPRECATED_OBJC_IMPLEMENTATIONS = YES;
				CLANG_WARN_DIRECT_OBJC_ISA_USAGE = YES_ERROR;
				CLANG_WARN_DOCUMENTATION_COMMENTS = YES;
				CLANG_WARN_EMPTY_BODY = YES;
				CLANG_WARN_ENUM_CONVERSION = YES;
				CLANG_WARN_INFINITE_RECURSION = YES;
				CLANG_WARN_INT_CONVERSION = YES;
				CLANG_WARN_NON_LITERAL_NULL_CONVERSION = YES;
				CLANG_WARN_OBJC_IMPLICIT_RETAIN_SELF = YES;
				CLANG_WARN_OBJC_LITERAL_CONVERSION = YES;
				CLANG_WARN_OBJC_ROOT_CLASS = YES_ERROR;
				CLANG_WARN_QUOTED_INCLUDE_IN_FRAMEWORK_HEADER = YES;
				CLANG_WARN_RANGE_LOOP_ANALYSIS = YES;
				CLANG_WARN_STRICT_PROTOTYPES = YES;
				CLANG_WARN_SUSPICIOUS_MOVE = YES;
				CLANG_WARN_UNGUARDED_AVAILABILITY = YES_AGGRESSIVE;
				CLANG_WARN_UNREACHABLE_CODE = YES;
				CLANG_WARN__DUPLICATE_METHOD_MATCH = YES;
				COPY_PHASE_STRIP = NO;
				DEBUG_INFORMATION_FORMAT = dwarf;
				ENABLE_STRICT_OBJC_MSGSEND = YES;
				ENABLE_TESTABILITY = YES;
				ENABLE_USER_SCRIPT_SANDBOXING = YES;
				GCC_C_LANGUAGE_STANDARD = gnu17;
				GCC_DYNAMIC_NO_PIC = NO;
				GCC_NO_COMMON_BLOCKS = YES;
				GCC_OPTIMIZATION_LEVEL = 0;
				GCC_PREPROCESSOR_DEFINITIONS = (
					"DEBUG=1",
					"$(inherited)",
				);
				GCC_WARN_64_TO_32_BIT_CONVERSION = YES;
				GCC_WARN_ABOUT_RETURN_TYPE = YES_ERROR;
				GCC_WARN_UNDECLARED_SELECTOR = YES;
				GCC_WARN_UNINITIALIZED_AUTOS = YES_AGGRESSIVE;
				GCC_WARN_UNUSED_FUNCTION = YES;
				GCC_WARN_UNUSED_VARIABLE = YES;
				IPHONEOS_DEPLOYMENT_TARGET = 17.4;
				LOCALIZATION_PREFERS_STRING_CATALOGS = YES;
				MTL_ENABLE_DEBUG_INFO = INCLUDE_SOURCE;
				MTL_FAST_MATH = YES;
				ONLY_ACTIVE_ARCH = YES;
				SDKROOT = iphoneos;
				SWIFT_ACTIVE_COMPILATION_CONDITIONS = "DEBUG $(inherited)";
				SWIFT_OPTIMIZATION_LEVEL = "-Onone";
			};
			name = Debug;
		};
		2EDAF54E2BB94E6600CC8ADD /* Release */ = {
			isa = XCBuildConfiguration;
			buildSettings = {
				ALWAYS_SEARCH_USER_PATHS = NO;
				ASSETCATALOG_COMPILER_GENERATE_SWIFT_ASSET_SYMBOL_EXTENSIONS = YES;
				CLANG_ANALYZER_NONNULL = YES;
				CLANG_ANALYZER_NUMBER_OBJECT_CONVERSION = YES_AGGRESSIVE;
				CLANG_CXX_LANGUAGE_STANDARD = "gnu++20";
				CLANG_ENABLE_MODULES = YES;
				CLANG_ENABLE_OBJC_ARC = YES;
				CLANG_ENABLE_OBJC_WEAK = YES;
				CLANG_WARN_BLOCK_CAPTURE_AUTORELEASING = YES;
				CLANG_WARN_BOOL_CONVERSION = YES;
				CLANG_WARN_COMMA = YES;
				CLANG_WARN_CONSTANT_CONVERSION = YES;
				CLANG_WARN_DEPRECATED_OBJC_IMPLEMENTATIONS = YES;
				CLANG_WARN_DIRECT_OBJC_ISA_USAGE = YES_ERROR;
				CLANG_WARN_DOCUMENTATION_COMMENTS = YES;
				CLANG_WARN_EMPTY_BODY = YES;
				CLANG_WARN_ENUM_CONVERSION = YES;
				CLANG_WARN_INFINITE_RECURSION = YES;
				CLANG_WARN_INT_CONVERSION = YES;
				CLANG_WARN_NON_LITERAL_NULL_CONVERSION = YES;
				CLANG_WARN_OBJC_IMPLICIT_RETAIN_SELF = YES;
				CLANG_WARN_OBJC_LITERAL_CONVERSION = YES;
				CLANG_WARN_OBJC_ROOT_CLASS = YES_ERROR;
				CLANG_WARN_QUOTED_INCLUDE_IN_FRAMEWORK_HEADER = YES;
				CLANG_WARN_RANGE_LOOP_ANALYSIS = YES;
				CLANG_WARN_STRICT_PROTOTYPES = YES;
				CLANG_WARN_SUSPICIOUS_MOVE = YES;
				CLANG_WARN_UNGUARDED_AVAILABILITY = YES_AGGRESSIVE;
				CLANG_WARN_UNREACHABLE_CODE = YES;
				CLANG_WARN__DUPLICATE_METHOD_MATCH = YES;
				COPY_PHASE_STRIP = NO;
				DEBUG_INFORMATION_FORMAT = "dwarf-with-dsym";
				ENABLE_NS_ASSERTIONS = NO;
				ENABLE_STRICT_OBJC_MSGSEND = YES;
				ENABLE_USER_SCRIPT_SANDBOXING = YES;
				GCC_C_LANGUAGE_STANDARD = gnu17;
				GCC_NO_COMMON_BLOCKS = YES;
				GCC_WARN_64_TO_32_BIT_CONVERSION = YES;
				GCC_WARN_ABOUT_RETURN_TYPE = YES_ERROR;
				GCC_WARN_UNDECLARED_SELECTOR = YES;
				GCC_WARN_UNINITIALIZED_AUTOS = YES_AGGRESSIVE;
				GCC_WARN_UNUSED_FUNCTION = YES;
				GCC_WARN_UNUSED_VARIABLE = YES;
				IPHONEOS_DEPLOYMENT_TARGET = 17.4;
				LOCALIZATION_PREFERS_STRING_CATALOGS = YES;
				MTL_ENABLE_DEBUG_INFO = NO;
				MTL_FAST_MATH = YES;
				SDKROOT = iphoneos;
				SWIFT_COMPILATION_MODE = wholemodule;
				VALIDATE_PRODUCT = YES;
			};
			name = Release;
		};
		2EDAF5502BB94E6600CC8ADD /* Debug */ = {
			isa = XCBuildConfiguration;
			buildSettings = {
				ASSETCATALOG_COMPILER_APPICON_NAME = AppIcon;
				ASSETCATALOG_COMPILER_GLOBAL_ACCENT_COLOR_NAME = AccentColor;
				CODE_SIGN_STYLE = Automatic;
				CURRENT_PROJECT_VERSION = 1;
				DEVELOPMENT_TEAM = 79LSKHWYJ8;
				GENERATE_INFOPLIST_FILE = YES;
				INFOPLIST_FILE = GighubProject/Info.plist;
				INFOPLIST_KEY_UIApplicationSupportsIndirectInputEvents = YES;
				INFOPLIST_KEY_UILaunchStoryboardName = LaunchScreen;
				INFOPLIST_KEY_UIMainStoryboardFile = Main;
				INFOPLIST_KEY_UISupportedInterfaceOrientations_iPad = "UIInterfaceOrientationPortrait UIInterfaceOrientationPortraitUpsideDown UIInterfaceOrientationLandscapeLeft UIInterfaceOrientationLandscapeRight";
				INFOPLIST_KEY_UISupportedInterfaceOrientations_iPhone = "UIInterfaceOrientationPortrait UIInterfaceOrientationLandscapeLeft UIInterfaceOrientationLandscapeRight";
				LD_RUNPATH_SEARCH_PATHS = (
					"$(inherited)",
					"@executable_path/Frameworks",
				);
				MARKETING_VERSION = 1.0;
				PRODUCT_BUNDLE_IDENTIFIER = com.Baejihae.GighubProject;
				PRODUCT_NAME = "$(TARGET_NAME)";
				SUPPORTED_PLATFORMS = "iphoneos iphonesimulator";
				SUPPORTS_MACCATALYST = NO;
				SUPPORTS_MAC_DESIGNED_FOR_IPHONE_IPAD = NO;
				SUPPORTS_XR_DESIGNED_FOR_IPHONE_IPAD = NO;
				SWIFT_EMIT_LOC_STRINGS = YES;
				SWIFT_VERSION = 5.0;
				TARGETED_DEVICE_FAMILY = 1;
			};
			name = Debug;
		};
		2EDAF5512BB94E6600CC8ADD /* Release */ = {
			isa = XCBuildConfiguration;
			buildSettings = {
				ASSETCATALOG_COMPILER_APPICON_NAME = AppIcon;
				ASSETCATALOG_COMPILER_GLOBAL_ACCENT_COLOR_NAME = AccentColor;
				CODE_SIGN_STYLE = Automatic;
				CURRENT_PROJECT_VERSION = 1;
				DEVELOPMENT_TEAM = 79LSKHWYJ8;
				GENERATE_INFOPLIST_FILE = YES;
				INFOPLIST_FILE = GighubProject/Info.plist;
				INFOPLIST_KEY_UIApplicationSupportsIndirectInputEvents = YES;
				INFOPLIST_KEY_UILaunchStoryboardName = LaunchScreen;
				INFOPLIST_KEY_UIMainStoryboardFile = Main;
				INFOPLIST_KEY_UISupportedInterfaceOrientations_iPad = "UIInterfaceOrientationPortrait UIInterfaceOrientationPortraitUpsideDown UIInterfaceOrientationLandscapeLeft UIInterfaceOrientationLandscapeRight";
				INFOPLIST_KEY_UISupportedInterfaceOrientations_iPhone = "UIInterfaceOrientationPortrait UIInterfaceOrientationLandscapeLeft UIInterfaceOrientationLandscapeRight";
				LD_RUNPATH_SEARCH_PATHS = (
					"$(inherited)",
					"@executable_path/Frameworks",
				);
				MARKETING_VERSION = 1.0;
				PRODUCT_BUNDLE_IDENTIFIER = com.Baejihae.GighubProject;
				PRODUCT_NAME = "$(TARGET_NAME)";
				SUPPORTED_PLATFORMS = "iphoneos iphonesimulator";
				SUPPORTS_MACCATALYST = NO;
				SUPPORTS_MAC_DESIGNED_FOR_IPHONE_IPAD = NO;
				SUPPORTS_XR_DESIGNED_FOR_IPHONE_IPAD = NO;
				SWIFT_EMIT_LOC_STRINGS = YES;
				SWIFT_VERSION = 5.0;
				TARGETED_DEVICE_FAMILY = 1;
			};
			name = Release;
		};
/* End XCBuildConfiguration section */

/* Begin XCConfigurationList section */
		2EDAF5362BB94E6400CC8ADD /* Build configuration list for PBXProject "GighubProject" */ = {
			isa = XCConfigurationList;
			buildConfigurations = (
				2EDAF54D2BB94E6600CC8ADD /* Debug */,
				2EDAF54E2BB94E6600CC8ADD /* Release */,
			);
			defaultConfigurationIsVisible = 0;
			defaultConfigurationName = Release;
		};
		2EDAF54F2BB94E6600CC8ADD /* Build configuration list for PBXNativeTarget "GighubProject" */ = {
			isa = XCConfigurationList;
			buildConfigurations = (
				2EDAF5502BB94E6600CC8ADD /* Debug */,
				2EDAF5512BB94E6600CC8ADD /* Release */,
			);
			defaultConfigurationIsVisible = 0;
			defaultConfigurationName = Release;
		};
/* End XCConfigurationList section */

/* Begin XCRemoteSwiftPackageReference section */
		2E3A135D2BC58E5C00BC38E4 /* XCRemoteSwiftPackageReference "Alamofire" */ = {
			isa = XCRemoteSwiftPackageReference;
			repositoryURL = "https://github.com/Alamofire/Alamofire.git";
			requirement = {
				kind = upToNextMajorVersion;
				minimumVersion = 5.9.1;
			};
		};
		2E3A13622BC58E7B00BC38E4 /* XCRemoteSwiftPackageReference "cli" */ = {
			isa = XCRemoteSwiftPackageReference;
			repositoryURL = "https://github.com/cli/cli.git";
			requirement = {
				branch = trunk;
				kind = branch;
			};
		};
/* End XCRemoteSwiftPackageReference section */

/* Begin XCSwiftPackageProductDependency section */
		2E3A135E2BC58E5C00BC38E4 /* Alamofire */ = {
			isa = XCSwiftPackageProductDependency;
			package = 2E3A135D2BC58E5C00BC38E4 /* XCRemoteSwiftPackageReference "Alamofire" */;
			productName = Alamofire;
		};
		2E3A13602BC58E5C00BC38E4 /* AlamofireDynamic */ = {
			isa = XCSwiftPackageProductDependency;
			package = 2E3A135D2BC58E5C00BC38E4 /* XCRemoteSwiftPackageReference "Alamofire" */;
			productName = AlamofireDynamic;
		};
/* End XCSwiftPackageProductDependency section */
	};
	rootObject = 2EDAF5332BB94E6400CC8ADD /* Project object */;
}
