// !$*UTF8*$!
{
	archiveVersion = 1;
	classes = {
	};
	objectVersion = 56;
	objects = {

/* Begin PBXBuildFile section */
		2E2C55C42BE286BC002753EF /* AppDelegate.swift in Sources */ = {isa = PBXBuildFile; fileRef = 2E2C55C32BE286BC002753EF /* AppDelegate.swift */; };
		2E2C55C62BE286BC002753EF /* SceneDelegate.swift in Sources */ = {isa = PBXBuildFile; fileRef = 2E2C55C52BE286BC002753EF /* SceneDelegate.swift */; };
		2E2C55C82BE286BC002753EF /* ViewController.swift in Sources */ = {isa = PBXBuildFile; fileRef = 2E2C55C72BE286BC002753EF /* ViewController.swift */; };
		2E2C55CB2BE286BC002753EF /* Base in Resources */ = {isa = PBXBuildFile; fileRef = 2E2C55CA2BE286BC002753EF /* Base */; };
		2E2C55CD2BE286BD002753EF /* Assets.xcassets in Resources */ = {isa = PBXBuildFile; fileRef = 2E2C55CC2BE286BD002753EF /* Assets.xcassets */; };
		2E2C55D02BE286BD002753EF /* Base in Resources */ = {isa = PBXBuildFile; fileRef = 2E2C55CF2BE286BD002753EF /* Base */; };
		2E2C55D92BE28939002753EF /* GithupUser.swift in Sources */ = {isa = PBXBuildFile; fileRef = 2E2C55D82BE28939002753EF /* GithupUser.swift */; };
		2E2C55DB2BE28B4D002753EF /* GitRepository.swift in Sources */ = {isa = PBXBuildFile; fileRef = 2E2C55DA2BE28B4D002753EF /* GitRepository.swift */; };
		2E2C55DE2BE28D26002753EF /* NetworkManager.swift in Sources */ = {isa = PBXBuildFile; fileRef = 2E2C55DD2BE28D26002753EF /* NetworkManager.swift */; };
		2E2C55E12BE28D55002753EF /* Alamofire in Frameworks */ = {isa = PBXBuildFile; productRef = 2E2C55E02BE28D55002753EF /* Alamofire */; };
		2E2C55E32BE28D55002753EF /* AlamofireDynamic in Frameworks */ = {isa = PBXBuildFile; productRef = 2E2C55E22BE28D55002753EF /* AlamofireDynamic */; };
		2E2C55E62BE28DAF002753EF /* Kingfisher in Frameworks */ = {isa = PBXBuildFile; productRef = 2E2C55E52BE28DAF002753EF /* Kingfisher */; };
/* End PBXBuildFile section */

/* Begin PBXFileReference section */
		2E2C55C02BE286BC002753EF /* GithubProject(Snapkit&Searchbar).app */ = {isa = PBXFileReference; explicitFileType = wrapper.application; includeInIndex = 0; path = "GithubProject(Snapkit&Searchbar).app"; sourceTree = BUILT_PRODUCTS_DIR; };
		2E2C55C32BE286BC002753EF /* AppDelegate.swift */ = {isa = PBXFileReference; lastKnownFileType = sourcecode.swift; path = AppDelegate.swift; sourceTree = "<group>"; };
		2E2C55C52BE286BC002753EF /* SceneDelegate.swift */ = {isa = PBXFileReference; lastKnownFileType = sourcecode.swift; path = SceneDelegate.swift; sourceTree = "<group>"; };
		2E2C55C72BE286BC002753EF /* ViewController.swift */ = {isa = PBXFileReference; lastKnownFileType = sourcecode.swift; path = ViewController.swift; sourceTree = "<group>"; };
		2E2C55CA2BE286BC002753EF /* Base */ = {isa = PBXFileReference; lastKnownFileType = file.storyboard; name = Base; path = Base.lproj/Main.storyboard; sourceTree = "<group>"; };
		2E2C55CC2BE286BD002753EF /* Assets.xcassets */ = {isa = PBXFileReference; lastKnownFileType = folder.assetcatalog; path = Assets.xcassets; sourceTree = "<group>"; };
		2E2C55CF2BE286BD002753EF /* Base */ = {isa = PBXFileReference; lastKnownFileType = file.storyboard; name = Base; path = Base.lproj/LaunchScreen.storyboard; sourceTree = "<group>"; };
		2E2C55D12BE286BD002753EF /* Info.plist */ = {isa = PBXFileReference; lastKnownFileType = text.plist.xml; path = Info.plist; sourceTree = "<group>"; };
		2E2C55D82BE28939002753EF /* GithupUser.swift */ = {isa = PBXFileReference; lastKnownFileType = sourcecode.swift; path = GithupUser.swift; sourceTree = "<group>"; };
		2E2C55DA2BE28B4D002753EF /* GitRepository.swift */ = {isa = PBXFileReference; lastKnownFileType = sourcecode.swift; path = GitRepository.swift; sourceTree = "<group>"; };
		2E2C55DD2BE28D26002753EF /* NetworkManager.swift */ = {isa = PBXFileReference; lastKnownFileType = sourcecode.swift; path = NetworkManager.swift; sourceTree = "<group>"; };
/* End PBXFileReference section */

/* Begin PBXFrameworksBuildPhase section */
		2E2C55BD2BE286BC002753EF /* Frameworks */ = {
			isa = PBXFrameworksBuildPhase;
			buildActionMask = 2147483647;
			files = (
				2E2C55E62BE28DAF002753EF /* Kingfisher in Frameworks */,
				2E2C55E12BE28D55002753EF /* Alamofire in Frameworks */,
				2E2C55E32BE28D55002753EF /* AlamofireDynamic in Frameworks */,
			);
			runOnlyForDeploymentPostprocessing = 0;
		};
/* End PBXFrameworksBuildPhase section */

/* Begin PBXGroup section */
		2E2C55B72BE286BC002753EF = {
			isa = PBXGroup;
			children = (
				2E2C55C22BE286BC002753EF /* GithubProject(Snapkit&Searchbar) */,
				2E2C55C12BE286BC002753EF /* Products */,
			);
			sourceTree = "<group>";
		};
		2E2C55C12BE286BC002753EF /* Products */ = {
			isa = PBXGroup;
			children = (
				2E2C55C02BE286BC002753EF /* GithubProject(Snapkit&Searchbar).app */,
			);
			name = Products;
			sourceTree = "<group>";
		};
		2E2C55C22BE286BC002753EF /* GithubProject(Snapkit&Searchbar) */ = {
			isa = PBXGroup;
			children = (
				2E2C55DC2BE28D0E002753EF /* New Group */,
				2E2C55D72BE2892A002753EF /* Model */,
				2E2C55C32BE286BC002753EF /* AppDelegate.swift */,
				2E2C55C52BE286BC002753EF /* SceneDelegate.swift */,
				2E2C55C72BE286BC002753EF /* ViewController.swift */,
				2E2C55C92BE286BC002753EF /* Main.storyboard */,
				2E2C55CC2BE286BD002753EF /* Assets.xcassets */,
				2E2C55CE2BE286BD002753EF /* LaunchScreen.storyboard */,
				2E2C55D12BE286BD002753EF /* Info.plist */,
			);
			path = "GithubProject(Snapkit&Searchbar)";
			sourceTree = "<group>";
		};
		2E2C55D72BE2892A002753EF /* Model */ = {
			isa = PBXGroup;
			children = (
				2E2C55D82BE28939002753EF /* GithupUser.swift */,
				2E2C55DA2BE28B4D002753EF /* GitRepository.swift */,
				2E2C55DD2BE28D26002753EF /* NetworkManager.swift */,
			);
			path = Model;
			sourceTree = "<group>";
		};
		2E2C55DC2BE28D0E002753EF /* New Group */ = {
			isa = PBXGroup;
			children = (
			);
			path = "New Group";
			sourceTree = "<group>";
		};
/* End PBXGroup section */

/* Begin PBXNativeTarget section */
		2E2C55BF2BE286BC002753EF /* GithubProject(Snapkit&Searchbar) */ = {
			isa = PBXNativeTarget;
			buildConfigurationList = 2E2C55D42BE286BD002753EF /* Build configuration list for PBXNativeTarget "GithubProject(Snapkit&Searchbar)" */;
			buildPhases = (
				2E2C55BC2BE286BC002753EF /* Sources */,
				2E2C55BD2BE286BC002753EF /* Frameworks */,
				2E2C55BE2BE286BC002753EF /* Resources */,
			);
			buildRules = (
			);
			dependencies = (
			);
			name = "GithubProject(Snapkit&Searchbar)";
			packageProductDependencies = (
				2E2C55E02BE28D55002753EF /* Alamofire */,
				2E2C55E22BE28D55002753EF /* AlamofireDynamic */,
				2E2C55E52BE28DAF002753EF /* Kingfisher */,
			);
			productName = "GithubProject(Snapkit&Searchbar)";
			productReference = 2E2C55C02BE286BC002753EF /* GithubProject(Snapkit&Searchbar).app */;
			productType = "com.apple.product-type.application";
		};
/* End PBXNativeTarget section */

/* Begin PBXProject section */
		2E2C55B82BE286BC002753EF /* Project object */ = {
			isa = PBXProject;
			attributes = {
				BuildIndependentTargetsInParallel = 1;
				LastSwiftUpdateCheck = 1530;
				LastUpgradeCheck = 1530;
				TargetAttributes = {
					2E2C55BF2BE286BC002753EF = {
						CreatedOnToolsVersion = 15.3;
					};
				};
			};
			buildConfigurationList = 2E2C55BB2BE286BC002753EF /* Build configuration list for PBXProject "GithubProject(Snapkit&Searchbar)" */;
			compatibilityVersion = "Xcode 14.0";
			developmentRegion = en;
			hasScannedForEncodings = 0;
			knownRegions = (
				en,
				Base,
			);
			mainGroup = 2E2C55B72BE286BC002753EF;
			packageReferences = (
				2E2C55DF2BE28D55002753EF /* XCRemoteSwiftPackageReference "Alamofire" */,
				2E2C55E42BE28DAF002753EF /* XCRemoteSwiftPackageReference "Kingfisher" */,
			);
			productRefGroup = 2E2C55C12BE286BC002753EF /* Products */;
			projectDirPath = "";
			projectRoot = "";
			targets = (
				2E2C55BF2BE286BC002753EF /* GithubProject(Snapkit&Searchbar) */,
			);
		};
/* End PBXProject section */

/* Begin PBXResourcesBuildPhase section */
		2E2C55BE2BE286BC002753EF /* Resources */ = {
			isa = PBXResourcesBuildPhase;
			buildActionMask = 2147483647;
			files = (
				2E2C55CD2BE286BD002753EF /* Assets.xcassets in Resources */,
				2E2C55D02BE286BD002753EF /* Base in Resources */,
				2E2C55CB2BE286BC002753EF /* Base in Resources */,
			);
			runOnlyForDeploymentPostprocessing = 0;
		};
/* End PBXResourcesBuildPhase section */

/* Begin PBXSourcesBuildPhase section */
		2E2C55BC2BE286BC002753EF /* Sources */ = {
			isa = PBXSourcesBuildPhase;
			buildActionMask = 2147483647;
			files = (
				2E2C55DE2BE28D26002753EF /* NetworkManager.swift in Sources */,
				2E2C55C82BE286BC002753EF /* ViewController.swift in Sources */,
				2E2C55DB2BE28B4D002753EF /* GitRepository.swift in Sources */,
				2E2C55C42BE286BC002753EF /* AppDelegate.swift in Sources */,
				2E2C55C62BE286BC002753EF /* SceneDelegate.swift in Sources */,
				2E2C55D92BE28939002753EF /* GithupUser.swift in Sources */,
			);
			runOnlyForDeploymentPostprocessing = 0;
		};
/* End PBXSourcesBuildPhase section */

/* Begin PBXVariantGroup section */
		2E2C55C92BE286BC002753EF /* Main.storyboard */ = {
			isa = PBXVariantGroup;
			children = (
				2E2C55CA2BE286BC002753EF /* Base */,
			);
			name = Main.storyboard;
			sourceTree = "<group>";
		};
		2E2C55CE2BE286BD002753EF /* LaunchScreen.storyboard */ = {
			isa = PBXVariantGroup;
			children = (
				2E2C55CF2BE286BD002753EF /* Base */,
			);
			name = LaunchScreen.storyboard;
			sourceTree = "<group>";
		};
/* End PBXVariantGroup section */

/* Begin XCBuildConfiguration section */
		2E2C55D22BE286BD002753EF /* Debug */ = {
			isa = XCBuildConfiguration;
			buildSettings = {
				ALWAYS_SEARCH_USER_PATHS = NO;
				ASSETCATALOG_COMPILER_GENERATE_SWIFT_ASSET_SYMBOL_EXTENSIONS = YES;
				CLANG_ANALYZER_NONNULL = YES;
				CLANG_ANALYZER_NUMBER_OBJECT_CONVERSION = YES_AGGRESSIVE;
				CLANG_CXX_LANGUAGE_STANDARD = "gnu++20";
				CLANG_ENABLE_MODULES = YES;
				CLANG_ENABLE_OBJC_ARC = YES;
				CLANG_ENABLE_OBJC_WEAK = YES;
				CLANG_WARN_BLOCK_CAPTURE_AUTORELEASING = YES;
				CLANG_WARN_BOOL_CONVERSION = YES;
				CLANG_WARN_COMMA = YES;
				CLANG_WARN_CONSTANT_CONVERSION = YES;
				CLANG_WARN_DEPRECATED_OBJC_IMPLEMENTATIONS = YES;
				CLANG_WARN_DIRECT_OBJC_ISA_USAGE = YES_ERROR;
				CLANG_WARN_DOCUMENTATION_COMMENTS = YES;
				CLANG_WARN_EMPTY_BODY = YES;
				CLANG_WARN_ENUM_CONVERSION = YES;
				CLANG_WARN_INFINITE_RECURSION = YES;
				CLANG_WARN_INT_CONVERSION = YES;
				CLANG_WARN_NON_LITERAL_NULL_CONVERSION = YES;
				CLANG_WARN_OBJC_IMPLICIT_RETAIN_SELF = YES;
				CLANG_WARN_OBJC_LITERAL_CONVERSION = YES;
				CLANG_WARN_OBJC_ROOT_CLASS = YES_ERROR;
				CLANG_WARN_QUOTED_INCLUDE_IN_FRAMEWORK_HEADER = YES;
				CLANG_WARN_RANGE_LOOP_ANALYSIS = YES;
				CLANG_WARN_STRICT_PROTOTYPES = YES;
				CLANG_WARN_SUSPICIOUS_MOVE = YES;
				CLANG_WARN_UNGUARDED_AVAILABILITY = YES_AGGRESSIVE;
				CLANG_WARN_UNREACHABLE_CODE = YES;
				CLANG_WARN__DUPLICATE_METHOD_MATCH = YES;
				COPY_PHASE_STRIP = NO;
				DEBUG_INFORMATION_FORMAT = dwarf;
				ENABLE_STRICT_OBJC_MSGSEND = YES;
				ENABLE_TESTABILITY = YES;
				ENABLE_USER_SCRIPT_SANDBOXING = YES;
				GCC_C_LANGUAGE_STANDARD = gnu17;
				GCC_DYNAMIC_NO_PIC = NO;
				GCC_NO_COMMON_BLOCKS = YES;
				GCC_OPTIMIZATION_LEVEL = 0;
				GCC_PREPROCESSOR_DEFINITIONS = (
					"DEBUG=1",
					"$(inherited)",
				);
				GCC_WARN_64_TO_32_BIT_CONVERSION = YES;
				GCC_WARN_ABOUT_RETURN_TYPE = YES_ERROR;
				GCC_WARN_UNDECLARED_SELECTOR = YES;
				GCC_WARN_UNINITIALIZED_AUTOS = YES_AGGRESSIVE;
				GCC_WARN_UNUSED_FUNCTION = YES;
				GCC_WARN_UNUSED_VARIABLE = YES;
				IPHONEOS_DEPLOYMENT_TARGET = 17.4;
				LOCALIZATION_PREFERS_STRING_CATALOGS = YES;
				MTL_ENABLE_DEBUG_INFO = INCLUDE_SOURCE;
				MTL_FAST_MATH = YES;
				ONLY_ACTIVE_ARCH = YES;
				SDKROOT = iphoneos;
				SWIFT_ACTIVE_COMPILATION_CONDITIONS = "DEBUG $(inherited)";
				SWIFT_OPTIMIZATION_LEVEL = "-Onone";
			};
			name = Debug;
		};
		2E2C55D32BE286BD002753EF /* Release */ = {
			isa = XCBuildConfiguration;
			buildSettings = {
				ALWAYS_SEARCH_USER_PATHS = NO;
				ASSETCATALOG_COMPILER_GENERATE_SWIFT_ASSET_SYMBOL_EXTENSIONS = YES;
				CLANG_ANALYZER_NONNULL = YES;
				CLANG_ANALYZER_NUMBER_OBJECT_CONVERSION = YES_AGGRESSIVE;
				CLANG_CXX_LANGUAGE_STANDARD = "gnu++20";
				CLANG_ENABLE_MODULES = YES;
				CLANG_ENABLE_OBJC_ARC = YES;
				CLANG_ENABLE_OBJC_WEAK = YES;
				CLANG_WARN_BLOCK_CAPTURE_AUTORELEASING = YES;
				CLANG_WARN_BOOL_CONVERSION = YES;
				CLANG_WARN_COMMA = YES;
				CLANG_WARN_CONSTANT_CONVERSION = YES;
				CLANG_WARN_DEPRECATED_OBJC_IMPLEMENTATIONS = YES;
				CLANG_WARN_DIRECT_OBJC_ISA_USAGE = YES_ERROR;
				CLANG_WARN_DOCUMENTATION_COMMENTS = YES;
				CLANG_WARN_EMPTY_BODY = YES;
				CLANG_WARN_ENUM_CONVERSION = YES;
				CLANG_WARN_INFINITE_RECURSION = YES;
				CLANG_WARN_INT_CONVERSION = YES;
				CLANG_WARN_NON_LITERAL_NULL_CONVERSION = YES;
				CLANG_WARN_OBJC_IMPLICIT_RETAIN_SELF = YES;
				CLANG_WARN_OBJC_LITERAL_CONVERSION = YES;
				CLANG_WARN_OBJC_ROOT_CLASS = YES_ERROR;
				CLANG_WARN_QUOTED_INCLUDE_IN_FRAMEWORK_HEADER = YES;
				CLANG_WARN_RANGE_LOOP_ANALYSIS = YES;
				CLANG_WARN_STRICT_PROTOTYPES = YES;
				CLANG_WARN_SUSPICIOUS_MOVE = YES;
				CLANG_WARN_UNGUARDED_AVAILABILITY = YES_AGGRESSIVE;
				CLANG_WARN_UNREACHABLE_CODE = YES;
				CLANG_WARN__DUPLICATE_METHOD_MATCH = YES;
				COPY_PHASE_STRIP = NO;
				DEBUG_INFORMATION_FORMAT = "dwarf-with-dsym";
				ENABLE_NS_ASSERTIONS = NO;
				ENABLE_STRICT_OBJC_MSGSEND = YES;
				ENABLE_USER_SCRIPT_SANDBOXING = YES;
				GCC_C_LANGUAGE_STANDARD = gnu17;
				GCC_NO_COMMON_BLOCKS = YES;
				GCC_WARN_64_TO_32_BIT_CONVERSION = YES;
				GCC_WARN_ABOUT_RETURN_TYPE = YES_ERROR;
				GCC_WARN_UNDECLARED_SELECTOR = YES;
				GCC_WARN_UNINITIALIZED_AUTOS = YES_AGGRESSIVE;
				GCC_WARN_UNUSED_FUNCTION = YES;
				GCC_WARN_UNUSED_VARIABLE = YES;
				IPHONEOS_DEPLOYMENT_TARGET = 17.4;
				LOCALIZATION_PREFERS_STRING_CATALOGS = YES;
				MTL_ENABLE_DEBUG_INFO = NO;
				MTL_FAST_MATH = YES;
				SDKROOT = iphoneos;
				SWIFT_COMPILATION_MODE = wholemodule;
				VALIDATE_PRODUCT = YES;
			};
			name = Release;
		};
		2E2C55D52BE286BD002753EF /* Debug */ = {
			isa = XCBuildConfiguration;
			buildSettings = {
				ASSETCATALOG_COMPILER_APPICON_NAME = AppIcon;
				ASSETCATALOG_COMPILER_GLOBAL_ACCENT_COLOR_NAME = AccentColor;
				CODE_SIGN_STYLE = Automatic;
				CURRENT_PROJECT_VERSION = 1;
				DEVELOPMENT_TEAM = 79LSKHWYJ8;
				GENERATE_INFOPLIST_FILE = YES;
				INFOPLIST_FILE = "GithubProject(Snapkit&Searchbar)/Info.plist";
				INFOPLIST_KEY_UIApplicationSupportsIndirectInputEvents = YES;
				INFOPLIST_KEY_UILaunchStoryboardName = LaunchScreen;
				INFOPLIST_KEY_UIMainStoryboardFile = Main;
				INFOPLIST_KEY_UISupportedInterfaceOrientations_iPad = "UIInterfaceOrientationPortrait UIInterfaceOrientationPortraitUpsideDown UIInterfaceOrientationLandscapeLeft UIInterfaceOrientationLandscapeRight";
				INFOPLIST_KEY_UISupportedInterfaceOrientations_iPhone = "UIInterfaceOrientationPortrait UIInterfaceOrientationLandscapeLeft UIInterfaceOrientationLandscapeRight";
				IPHONEOS_DEPLOYMENT_TARGET = 15.0;
				LD_RUNPATH_SEARCH_PATHS = (
					"$(inherited)",
					"@executable_path/Frameworks",
				);
				MARKETING_VERSION = 1.0;
				PRODUCT_BUNDLE_IDENTIFIER = "com.jihaeBae.GithubProject-Snapkit-Searchbar-";
				PRODUCT_NAME = "$(TARGET_NAME)";
				SUPPORTED_PLATFORMS = "iphoneos iphonesimulator";
				SUPPORTS_MACCATALYST = NO;
				SUPPORTS_MAC_DESIGNED_FOR_IPHONE_IPAD = NO;
				SUPPORTS_XR_DESIGNED_FOR_IPHONE_IPAD = NO;
				SWIFT_EMIT_LOC_STRINGS = YES;
				SWIFT_VERSION = 5.0;
				TARGETED_DEVICE_FAMILY = 1;
			};
			name = Debug;
		};
		2E2C55D62BE286BD002753EF /* Release */ = {
			isa = XCBuildConfiguration;
			buildSettings = {
				ASSETCATALOG_COMPILER_APPICON_NAME = AppIcon;
				ASSETCATALOG_COMPILER_GLOBAL_ACCENT_COLOR_NAME = AccentColor;
				CODE_SIGN_STYLE = Automatic;
				CURRENT_PROJECT_VERSION = 1;
				DEVELOPMENT_TEAM = 79LSKHWYJ8;
				GENERATE_INFOPLIST_FILE = YES;
				INFOPLIST_FILE = "GithubProject(Snapkit&Searchbar)/Info.plist";
				INFOPLIST_KEY_UIApplicationSupportsIndirectInputEvents = YES;
				INFOPLIST_KEY_UILaunchStoryboardName = LaunchScreen;
				INFOPLIST_KEY_UIMainStoryboardFile = Main;
				INFOPLIST_KEY_UISupportedInterfaceOrientations_iPad = "UIInterfaceOrientationPortrait UIInterfaceOrientationPortraitUpsideDown UIInterfaceOrientationLandscapeLeft UIInterfaceOrientationLandscapeRight";
				INFOPLIST_KEY_UISupportedInterfaceOrientations_iPhone = "UIInterfaceOrientationPortrait UIInterfaceOrientationLandscapeLeft UIInterfaceOrientationLandscapeRight";
				IPHONEOS_DEPLOYMENT_TARGET = 15.0;
				LD_RUNPATH_SEARCH_PATHS = (
					"$(inherited)",
					"@executable_path/Frameworks",
				);
				MARKETING_VERSION = 1.0;
				PRODUCT_BUNDLE_IDENTIFIER = "com.jihaeBae.GithubProject-Snapkit-Searchbar-";
				PRODUCT_NAME = "$(TARGET_NAME)";
				SUPPORTED_PLATFORMS = "iphoneos iphonesimulator";
				SUPPORTS_MACCATALYST = NO;
				SUPPORTS_MAC_DESIGNED_FOR_IPHONE_IPAD = NO;
				SUPPORTS_XR_DESIGNED_FOR_IPHONE_IPAD = NO;
				SWIFT_EMIT_LOC_STRINGS = YES;
				SWIFT_VERSION = 5.0;
				TARGETED_DEVICE_FAMILY = 1;
			};
			name = Release;
		};
/* End XCBuildConfiguration section */

/* Begin XCConfigurationList section */
		2E2C55BB2BE286BC002753EF /* Build configuration list for PBXProject "GithubProject(Snapkit&Searchbar)" */ = {
			isa = XCConfigurationList;
			buildConfigurations = (
				2E2C55D22BE286BD002753EF /* Debug */,
				2E2C55D32BE286BD002753EF /* Release */,
			);
			defaultConfigurationIsVisible = 0;
			defaultConfigurationName = Release;
		};
		2E2C55D42BE286BD002753EF /* Build configuration list for PBXNativeTarget "GithubProject(Snapkit&Searchbar)" */ = {
			isa = XCConfigurationList;
			buildConfigurations = (
				2E2C55D52BE286BD002753EF /* Debug */,
				2E2C55D62BE286BD002753EF /* Release */,
			);
			defaultConfigurationIsVisible = 0;
			defaultConfigurationName = Release;
		};
/* End XCConfigurationList section */

/* Begin XCRemoteSwiftPackageReference section */
		2E2C55DF2BE28D55002753EF /* XCRemoteSwiftPackageReference "Alamofire" */ = {
			isa = XCRemoteSwiftPackageReference;
			repositoryURL = "https://github.com/Alamofire/Alamofire.git";
			requirement = {
				kind = upToNextMajorVersion;
				minimumVersion = 5.9.1;
			};
		};
		2E2C55E42BE28DAF002753EF /* XCRemoteSwiftPackageReference "Kingfisher" */ = {
			isa = XCRemoteSwiftPackageReference;
			repositoryURL = "https://github.com/onevcat/Kingfisher";
			requirement = {
				kind = upToNextMajorVersion;
				minimumVersion = 7.11.0;
			};
		};
/* End XCRemoteSwiftPackageReference section */

/* Begin XCSwiftPackageProductDependency section */
		2E2C55E02BE28D55002753EF /* Alamofire */ = {
			isa = XCSwiftPackageProductDependency;
			package = 2E2C55DF2BE28D55002753EF /* XCRemoteSwiftPackageReference "Alamofire" */;
			productName = Alamofire;
		};
		2E2C55E22BE28D55002753EF /* AlamofireDynamic */ = {
			isa = XCSwiftPackageProductDependency;
			package = 2E2C55DF2BE28D55002753EF /* XCRemoteSwiftPackageReference "Alamofire" */;
			productName = AlamofireDynamic;
		};
		2E2C55E52BE28DAF002753EF /* Kingfisher */ = {
			isa = XCSwiftPackageProductDependency;
			package = 2E2C55E42BE28DAF002753EF /* XCRemoteSwiftPackageReference "Kingfisher" */;
			productName = Kingfisher;
		};
/* End XCSwiftPackageProductDependency section */
	};
	rootObject = 2E2C55B82BE286BC002753EF /* Project object */;
}
